
Microsoft Visual Studio Solution File, Format Version 12.00
# Visual Studio 15
VisualStudioVersion = 15.0.28010.2046
MinimumVisualStudioVersion = 10.0.40219.1
Project("{FAE04EC0-301F-11D3-BF4B-00C04F79EFBC}") = "BookScanner.Android", "BookScanner\BookScanner.Android\BookScanner.Android.csproj", "{F66EC123-210A-462D-A236-07947B6D0C1C}"
EndProject
Project("{FAE04EC0-301F-11D3-BF4B-00C04F79EFBC}") = "BookScanner.iOS", "BookScanner\BookScanner.iOS\BookScanner.iOS.csproj", "{AF8641BE-7C84-4063-A4D9-C10DEB8CC1B2}"
EndProject
Project("{FAE04EC0-301F-11D3-BF4B-00C04F79EFBC}") = "BookScanner.UWP", "BookScanner\BookScanner.UWP\BookScanner.UWP.csproj", "{29D88BF6-EC2F-4F28-86C8-7270A84EA73C}"
EndProject
Project("{FAE04EC0-301F-11D3-BF4B-00C04F79EFBC}") = "BookScanner", "BookScanner\BookScanner\BookScanner.csproj", "{32B53981-4C41-491F-96A8-57749F248333}"
EndProject
Global
	GlobalSection(SolutionConfigurationPlatforms) = preSolution
		Ad-Hoc|Any CPU = Ad-Hoc|Any CPU
		Ad-Hoc|ARM = Ad-Hoc|ARM
		Ad-Hoc|iPhone = Ad-Hoc|iPhone
		Ad-Hoc|iPhoneSimulator = Ad-Hoc|iPhoneSimulator
		Ad-Hoc|x64 = Ad-Hoc|x64
		Ad-Hoc|x86 = Ad-Hoc|x86
		AppStore|Any CPU = AppStore|Any CPU
		AppStore|ARM = AppStore|ARM
		AppStore|iPhone = AppStore|iPhone
		AppStore|iPhoneSimulator = AppStore|iPhoneSimulator
		AppStore|x64 = AppStore|x64
		AppStore|x86 = AppStore|x86
		Debug|Any CPU = Debug|Any CPU
		Debug|ARM = Debug|ARM
		Debug|iPhone = Debug|iPhone
		Debug|iPhoneSimulator = Debug|iPhoneSimulator
		Debug|x64 = Debug|x64
		Debug|x86 = Debug|x86
		Release|Any CPU = Release|Any CPU
		Release|ARM = Release|ARM
		Release|iPhone = Release|iPhone
		Release|iPhoneSimulator = Release|iPhoneSimulator
		Release|x64 = Release|x64
		Release|x86 = Release|x86
	EndGlobalSection
	GlobalSection(ProjectConfigurationPlatforms) = postSolution
		{F66EC123-210A-462D-A236-07947B6D0C1C}.Ad-Hoc|Any CPU.ActiveCfg = Release|Any CPU
		{F66EC123-210A-462D-A236-07947B6D0C1C}.Ad-Hoc|Any CPU.Build.0 = Release|Any CPU
		{F66EC123-210A-462D-A236-07947B6D0C1C}.Ad-Hoc|Any CPU.Deploy.0 = Release|Any CPU
		{F66EC123-210A-462D-A236-07947B6D0C1C}.Ad-Hoc|ARM.ActiveCfg = Release|Any CPU
		{F66EC123-210A-462D-A236-07947B6D0C1C}.Ad-Hoc|ARM.Build.0 = Release|Any CPU
		{F66EC123-210A-462D-A236-07947B6D0C1C}.Ad-Hoc|ARM.Deploy.0 = Release|Any CPU
		{F66EC123-210A-462D-A236-07947B6D0C1C}.Ad-Hoc|iPhone.ActiveCfg = Release|Any CPU
		{F66EC123-210A-462D-A236-07947B6D0C1C}.Ad-Hoc|iPhone.Build.0 = Release|Any CPU
		{F66EC123-210A-462D-A236-07947B6D0C1C}.Ad-Hoc|iPhone.Deploy.0 = Release|Any CPU
		{F66EC123-210A-462D-A236-07947B6D0C1C}.Ad-Hoc|iPhoneSimulator.ActiveCfg = Release|Any CPU
		{F66EC123-210A-462D-A236-07947B6D0C1C}.Ad-Hoc|iPhoneSimulator.Build.0 = Release|Any CPU
		{F66EC123-210A-462D-A236-07947B6D0C1C}.Ad-Hoc|iPhoneSimulator.Deploy.0 = Release|Any CPU
		{F66EC123-210A-462D-A236-07947B6D0C1C}.Ad-Hoc|x64.ActiveCfg = Release|Any CPU
		{F66EC123-210A-462D-A236-07947B6D0C1C}.Ad-Hoc|x64.Build.0 = Release|Any CPU
		{F66EC123-210A-462D-A236-07947B6D0C1C}.Ad-Hoc|x64.Deploy.0 = Release|Any CPU
		{F66EC123-210A-462D-A236-07947B6D0C1C}.Ad-Hoc|x86.ActiveCfg = Release|Any CPU
		{F66EC123-210A-462D-A236-07947B6D0C1C}.Ad-Hoc|x86.Build.0 = Release|Any CPU
		{F66EC123-210A-462D-A236-07947B6D0C1C}.Ad-Hoc|x86.Deploy.0 = Release|Any CPU
		{F66EC123-210A-462D-A236-07947B6D0C1C}.AppStore|Any CPU.ActiveCfg = Release|Any CPU
		{F66EC123-210A-462D-A236-07947B6D0C1C}.AppStore|Any CPU.Build.0 = Release|Any CPU
		{F66EC123-210A-462D-A236-07947B6D0C1C}.AppStore|Any CPU.Deploy.0 = Release|Any CPU
		{F66EC123-210A-462D-A236-07947B6D0C1C}.AppStore|ARM.ActiveCfg = Release|Any CPU
		{F66EC123-210A-462D-A236-07947B6D0C1C}.AppStore|ARM.Build.0 = Release|Any CPU
		{F66EC123-210A-462D-A236-07947B6D0C1C}.AppStore|ARM.Deploy.0 = Release|Any CPU
		{F66EC123-210A-462D-A236-07947B6D0C1C}.AppStore|iPhone.ActiveCfg = Release|Any CPU
		{F66EC123-210A-462D-A236-07947B6D0C1C}.AppStore|iPhone.Build.0 = Release|Any CPU
		{F66EC123-210A-462D-A236-07947B6D0C1C}.AppStore|iPhone.Deploy.0 = Release|Any CPU
		{F66EC123-210A-462D-A236-07947B6D0C1C}.AppStore|iPhoneSimulator.ActiveCfg = Release|Any CPU
		{F66EC123-210A-462D-A236-07947B6D0C1C}.AppStore|iPhoneSimulator.Build.0 = Release|Any CPU
		{F66EC123-210A-462D-A236-07947B6D0C1C}.AppStore|iPhoneSimulator.Deploy.0 = Release|Any CPU
		{F66EC123-210A-462D-A236-07947B6D0C1C}.AppStore|x64.ActiveCfg = Release|Any CPU
		{F66EC123-210A-462D-A236-07947B6D0C1C}.AppStore|x64.Build.0 = Release|Any CPU
		{F66EC123-210A-462D-A236-07947B6D0C1C}.AppStore|x64.Deploy.0 = Release|Any CPU
		{F66EC123-210A-462D-A236-07947B6D0C1C}.AppStore|x86.ActiveCfg = Release|Any CPU
		{F66EC123-210A-462D-A236-07947B6D0C1C}.AppStore|x86.Build.0 = Release|Any CPU
		{F66EC123-210A-462D-A236-07947B6D0C1C}.AppStore|x86.Deploy.0 = Release|Any CPU
		{F66EC123-210A-462D-A236-07947B6D0C1C}.Debug|Any CPU.ActiveCfg = Debug|Any CPU
		{F66EC123-210A-462D-A236-07947B6D0C1C}.Debug|Any CPU.Build.0 = Debug|Any CPU
		{F66EC123-210A-462D-A236-07947B6D0C1C}.Debug|Any CPU.Deploy.0 = Debug|Any CPU
		{F66EC123-210A-462D-A236-07947B6D0C1C}.Debug|ARM.ActiveCfg = Debug|Any CPU
		{F66EC123-210A-462D-A236-07947B6D0C1C}.Debug|ARM.Build.0 = Debug|Any CPU
		{F66EC123-210A-462D-A236-07947B6D0C1C}.Debug|ARM.Deploy.0 = Debug|Any CPU
		{F66EC123-210A-462D-A236-07947B6D0C1C}.Debug|iPhone.ActiveCfg = Debug|Any CPU
		{F66EC123-210A-462D-A236-07947B6D0C1C}.Debug|iPhone.Build.0 = Debug|Any CPU
		{F66EC123-210A-462D-A236-07947B6D0C1C}.Debug|iPhone.Deploy.0 = Debug|Any CPU
		{F66EC123-210A-462D-A236-07947B6D0C1C}.Debug|iPhoneSimulator.ActiveCfg = Debug|Any CPU
		{F66EC123-210A-462D-A236-07947B6D0C1C}.Debug|iPhoneSimulator.Build.0 = Debug|Any CPU
		{F66EC123-210A-462D-A236-07947B6D0C1C}.Debug|iPhoneSimulator.Deploy.0 = Debug|Any CPU
		{F66EC123-210A-462D-A236-07947B6D0C1C}.Debug|x64.ActiveCfg = Debug|Any CPU
		{F66EC123-210A-462D-A236-07947B6D0C1C}.Debug|x64.Build.0 = Debug|Any CPU
		{F66EC123-210A-462D-A236-07947B6D0C1C}.Debug|x64.Deploy.0 = Debug|Any CPU
		{F66EC123-210A-462D-A236-07947B6D0C1C}.Debug|x86.ActiveCfg = Debug|Any CPU
		{F66EC123-210A-462D-A236-07947B6D0C1C}.Debug|x86.Build.0 = Debug|Any CPU
		{F66EC123-210A-462D-A236-07947B6D0C1C}.Debug|x86.Deploy.0 = Debug|Any CPU
		{F66EC123-210A-462D-A236-07947B6D0C1C}.Release|Any CPU.ActiveCfg = Release|Any CPU
		{F66EC123-210A-462D-A236-07947B6D0C1C}.Release|Any CPU.Build.0 = Release|Any CPU
		{F66EC123-210A-462D-A236-07947B6D0C1C}.Release|Any CPU.Deploy.0 = Release|Any CPU
		{F66EC123-210A-462D-A236-07947B6D0C1C}.Release|ARM.ActiveCfg = Release|Any CPU
		{F66EC123-210A-462D-A236-07947B6D0C1C}.Release|ARM.Build.0 = Release|Any CPU
		{F66EC123-210A-462D-A236-07947B6D0C1C}.Release|ARM.Deploy.0 = Release|Any CPU
		{F66EC123-210A-462D-A236-07947B6D0C1C}.Release|iPhone.ActiveCfg = Release|Any CPU
		{F66EC123-210A-462D-A236-07947B6D0C1C}.Release|iPhone.Build.0 = Release|Any CPU
		{F66EC123-210A-462D-A236-07947B6D0C1C}.Release|iPhone.Deploy.0 = Release|Any CPU
		{F66EC123-210A-462D-A236-07947B6D0C1C}.Release|iPhoneSimulator.ActiveCfg = Release|Any CPU
		{F66EC123-210A-462D-A236-07947B6D0C1C}.Release|iPhoneSimulator.Build.0 = Release|Any CPU
		{F66EC123-210A-462D-A236-07947B6D0C1C}.Release|iPhoneSimulator.Deploy.0 = Release|Any CPU
		{F66EC123-210A-462D-A236-07947B6D0C1C}.Release|x64.ActiveCfg = Release|Any CPU
		{F66EC123-210A-462D-A236-07947B6D0C1C}.Release|x64.Build.0 = Release|Any CPU
		{F66EC123-210A-462D-A236-07947B6D0C1C}.Release|x64.Deploy.0 = Release|Any CPU
		{F66EC123-210A-462D-A236-07947B6D0C1C}.Release|x86.ActiveCfg = Release|Any CPU
		{F66EC123-210A-462D-A236-07947B6D0C1C}.Release|x86.Build.0 = Release|Any CPU
		{F66EC123-210A-462D-A236-07947B6D0C1C}.Release|x86.Deploy.0 = Release|Any CPU
		{AF8641BE-7C84-4063-A4D9-C10DEB8CC1B2}.Ad-Hoc|Any CPU.ActiveCfg = Ad-Hoc|iPhone
		{AF8641BE-7C84-4063-A4D9-C10DEB8CC1B2}.Ad-Hoc|Any CPU.Build.0 = Ad-Hoc|iPhone
		{AF8641BE-7C84-4063-A4D9-C10DEB8CC1B2}.Ad-Hoc|Any CPU.Deploy.0 = Ad-Hoc|iPhone
		{AF8641BE-7C84-4063-A4D9-C10DEB8CC1B2}.Ad-Hoc|ARM.ActiveCfg = Ad-Hoc|iPhone
		{AF8641BE-7C84-4063-A4D9-C10DEB8CC1B2}.Ad-Hoc|ARM.Build.0 = Ad-Hoc|iPhone
		{AF8641BE-7C84-4063-A4D9-C10DEB8CC1B2}.Ad-Hoc|ARM.Deploy.0 = Ad-Hoc|iPhone
		{AF8641BE-7C84-4063-A4D9-C10DEB8CC1B2}.Ad-Hoc|iPhone.ActiveCfg = Ad-Hoc|iPhone
		{AF8641BE-7C84-4063-A4D9-C10DEB8CC1B2}.Ad-Hoc|iPhone.Build.0 = Ad-Hoc|iPhone
		{AF8641BE-7C84-4063-A4D9-C10DEB8CC1B2}.Ad-Hoc|iPhone.Deploy.0 = Ad-Hoc|iPhone
		{AF8641BE-7C84-4063-A4D9-C10DEB8CC1B2}.Ad-Hoc|iPhoneSimulator.ActiveCfg = Ad-Hoc|iPhoneSimulator
		{AF8641BE-7C84-4063-A4D9-C10DEB8CC1B2}.Ad-Hoc|iPhoneSimulator.Build.0 = Ad-Hoc|iPhoneSimulator
		{AF8641BE-7C84-4063-A4D9-C10DEB8CC1B2}.Ad-Hoc|iPhoneSimulator.Deploy.0 = Ad-Hoc|iPhoneSimulator
		{AF8641BE-7C84-4063-A4D9-C10DEB8CC1B2}.Ad-Hoc|x64.ActiveCfg = Ad-Hoc|iPhone
		{AF8641BE-7C84-4063-A4D9-C10DEB8CC1B2}.Ad-Hoc|x64.Build.0 = Ad-Hoc|iPhone
		{AF8641BE-7C84-4063-A4D9-C10DEB8CC1B2}.Ad-Hoc|x64.Deploy.0 = Ad-Hoc|iPhone
		{AF8641BE-7C84-4063-A4D9-C10DEB8CC1B2}.Ad-Hoc|x86.ActiveCfg = Ad-Hoc|iPhone
		{AF8641BE-7C84-4063-A4D9-C10DEB8CC1B2}.Ad-Hoc|x86.Build.0 = Ad-Hoc|iPhone
		{AF8641BE-7C84-4063-A4D9-C10DEB8CC1B2}.Ad-Hoc|x86.Deploy.0 = Ad-Hoc|iPhone
		{AF8641BE-7C84-4063-A4D9-C10DEB8CC1B2}.AppStore|Any CPU.ActiveCfg = AppStore|iPhone
		{AF8641BE-7C84-4063-A4D9-C10DEB8CC1B2}.AppStore|Any CPU.Build.0 = AppStore|iPhone
		{AF8641BE-7C84-4063-A4D9-C10DEB8CC1B2}.AppStore|Any CPU.Deploy.0 = AppStore|iPhone
		{AF8641BE-7C84-4063-A4D9-C10DEB8CC1B2}.AppStore|ARM.ActiveCfg = AppStore|iPhone
		{AF8641BE-7C84-4063-A4D9-C10DEB8CC1B2}.AppStore|ARM.Build.0 = AppStore|iPhone
		{AF8641BE-7C84-4063-A4D9-C10DEB8CC1B2}.AppStore|ARM.Deploy.0 = AppStore|iPhone
		{AF8641BE-7C84-4063-A4D9-C10DEB8CC1B2}.AppStore|iPhone.ActiveCfg = AppStore|iPhone
		{AF8641BE-7C84-4063-A4D9-C10DEB8CC1B2}.AppStore|iPhone.Build.0 = AppStore|iPhone
		{AF8641BE-7C84-4063-A4D9-C10DEB8CC1B2}.AppStore|iPhone.Deploy.0 = AppStore|iPhone
		{AF8641BE-7C84-4063-A4D9-C10DEB8CC1B2}.AppStore|iPhoneSimulator.ActiveCfg = AppStore|iPhoneSimulator
		{AF8641BE-7C84-4063-A4D9-C10DEB8CC1B2}.AppStore|iPhoneSimulator.Build.0 = AppStore|iPhoneSimulator
		{AF8641BE-7C84-4063-A4D9-C10DEB8CC1B2}.AppStore|iPhoneSimulator.Deploy.0 = AppStore|iPhoneSimulator
		{AF8641BE-7C84-4063-A4D9-C10DEB8CC1B2}.AppStore|x64.ActiveCfg = AppStore|iPhone
		{AF8641BE-7C84-4063-A4D9-C10DEB8CC1B2}.AppStore|x64.Build.0 = AppStore|iPhone
		{AF8641BE-7C84-4063-A4D9-C10DEB8CC1B2}.AppStore|x64.Deploy.0 = AppStore|iPhone
		{AF8641BE-7C84-4063-A4D9-C10DEB8CC1B2}.AppStore|x86.ActiveCfg = AppStore|iPhone
		{AF8641BE-7C84-4063-A4D9-C10DEB8CC1B2}.AppStore|x86.Build.0 = AppStore|iPhone
		{AF8641BE-7C84-4063-A4D9-C10DEB8CC1B2}.AppStore|x86.Deploy.0 = AppStore|iPhone
		{AF8641BE-7C84-4063-A4D9-C10DEB8CC1B2}.Debug|Any CPU.ActiveCfg = Debug|iPhoneSimulator
		{AF8641BE-7C84-4063-A4D9-C10DEB8CC1B2}.Debug|Any CPU.Build.0 = Debug|iPhoneSimulator
		{AF8641BE-7C84-4063-A4D9-C10DEB8CC1B2}.Debug|Any CPU.Deploy.0 = Debug|iPhoneSimulator
		{AF8641BE-7C84-4063-A4D9-C10DEB8CC1B2}.Debug|ARM.ActiveCfg = Debug|iPhone
		{AF8641BE-7C84-4063-A4D9-C10DEB8CC1B2}.Debug|ARM.Build.0 = Debug|iPhone
		{AF8641BE-7C84-4063-A4D9-C10DEB8CC1B2}.Debug|ARM.Deploy.0 = Debug|iPhone
		{AF8641BE-7C84-4063-A4D9-C10DEB8CC1B2}.Debug|iPhone.ActiveCfg = Debug|iPhone
		{AF8641BE-7C84-4063-A4D9-C10DEB8CC1B2}.Debug|iPhone.Build.0 = Debug|iPhone
		{AF8641BE-7C84-4063-A4D9-C10DEB8CC1B2}.Debug|iPhone.Deploy.0 = Debug|iPhone
		{AF8641BE-7C84-4063-A4D9-C10DEB8CC1B2}.Debug|iPhoneSimulator.ActiveCfg = Debug|iPhoneSimulator
		{AF8641BE-7C84-4063-A4D9-C10DEB8CC1B2}.Debug|iPhoneSimulator.Build.0 = Debug|iPhoneSimulator
		{AF8641BE-7C84-4063-A4D9-C10DEB8CC1B2}.Debug|iPhoneSimulator.Deploy.0 = Debug|iPhoneSimulator
		{AF8641BE-7C84-4063-A4D9-C10DEB8CC1B2}.Debug|x64.ActiveCfg = Debug|iPhone
		{AF8641BE-7C84-4063-A4D9-C10DEB8CC1B2}.Debug|x64.Build.0 = Debug|iPhone
		{AF8641BE-7C84-4063-A4D9-C10DEB8CC1B2}.Debug|x64.Deploy.0 = Debug|iPhone
		{AF8641BE-7C84-4063-A4D9-C10DEB8CC1B2}.Debug|x86.ActiveCfg = Debug|iPhone
		{AF8641BE-7C84-4063-A4D9-C10DEB8CC1B2}.Debug|x86.Build.0 = Debug|iPhone
		{AF8641BE-7C84-4063-A4D9-C10DEB8CC1B2}.Debug|x86.Deploy.0 = Debug|iPhone
		{AF8641BE-7C84-4063-A4D9-C10DEB8CC1B2}.Release|Any CPU.ActiveCfg = Release|iPhone
		{AF8641BE-7C84-4063-A4D9-C10DEB8CC1B2}.Release|Any CPU.Build.0 = Release|iPhone
		{AF8641BE-7C84-4063-A4D9-C10DEB8CC1B2}.Release|Any CPU.Deploy.0 = Release|iPhone
		{AF8641BE-7C84-4063-A4D9-C10DEB8CC1B2}.Release|ARM.ActiveCfg = Release|iPhone
		{AF8641BE-7C84-4063-A4D9-C10DEB8CC1B2}.Release|ARM.Build.0 = Release|iPhone
		{AF8641BE-7C84-4063-A4D9-C10DEB8CC1B2}.Release|ARM.Deploy.0 = Release|iPhone
		{AF8641BE-7C84-4063-A4D9-C10DEB8CC1B2}.Release|iPhone.ActiveCfg = Release|iPhone
		{AF8641BE-7C84-4063-A4D9-C10DEB8CC1B2}.Release|iPhone.Build.0 = Release|iPhone
		{AF8641BE-7C84-4063-A4D9-C10DEB8CC1B2}.Release|iPhone.Deploy.0 = Release|iPhone
		{AF8641BE-7C84-4063-A4D9-C10DEB8CC1B2}.Release|iPhoneSimulator.ActiveCfg = Release|iPhoneSimulator
		{AF8641BE-7C84-4063-A4D9-C10DEB8CC1B2}.Release|iPhoneSimulator.Build.0 = Release|iPhoneSimulator
		{AF8641BE-7C84-4063-A4D9-C10DEB8CC1B2}.Release|iPhoneSimulator.Deploy.0 = Release|iPhoneSimulator
		{AF8641BE-7C84-4063-A4D9-C10DEB8CC1B2}.Release|x64.ActiveCfg = Release|iPhone
		{AF8641BE-7C84-4063-A4D9-C10DEB8CC1B2}.Release|x64.Build.0 = Release|iPhone
		{AF8641BE-7C84-4063-A4D9-C10DEB8CC1B2}.Release|x64.Deploy.0 = Release|iPhone
		{AF8641BE-7C84-4063-A4D9-C10DEB8CC1B2}.Release|x86.ActiveCfg = Release|iPhone
		{AF8641BE-7C84-4063-A4D9-C10DEB8CC1B2}.Release|x86.Build.0 = Release|iPhone
		{AF8641BE-7C84-4063-A4D9-C10DEB8CC1B2}.Release|x86.Deploy.0 = Release|iPhone
		{29D88BF6-EC2F-4F28-86C8-7270A84EA73C}.Ad-Hoc|Any CPU.ActiveCfg = Release|x86
		{29D88BF6-EC2F-4F28-86C8-7270A84EA73C}.Ad-Hoc|Any CPU.Build.0 = Release|x86
		{29D88BF6-EC2F-4F28-86C8-7270A84EA73C}.Ad-Hoc|Any CPU.Deploy.0 = Release|x86
		{29D88BF6-EC2F-4F28-86C8-7270A84EA73C}.Ad-Hoc|ARM.ActiveCfg = Release|ARM
		{29D88BF6-EC2F-4F28-86C8-7270A84EA73C}.Ad-Hoc|ARM.Build.0 = Release|ARM
		{29D88BF6-EC2F-4F28-86C8-7270A84EA73C}.Ad-Hoc|ARM.Deploy.0 = Release|ARM
		{29D88BF6-EC2F-4F28-86C8-7270A84EA73C}.Ad-Hoc|iPhone.ActiveCfg = Release|x86
		{29D88BF6-EC2F-4F28-86C8-7270A84EA73C}.Ad-Hoc|iPhone.Build.0 = Release|x86
		{29D88BF6-EC2F-4F28-86C8-7270A84EA73C}.Ad-Hoc|iPhone.Deploy.0 = Release|x86
		{29D88BF6-EC2F-4F28-86C8-7270A84EA73C}.Ad-Hoc|iPhoneSimulator.ActiveCfg = Release|x86
		{29D88BF6-EC2F-4F28-86C8-7270A84EA73C}.Ad-Hoc|iPhoneSimulator.Build.0 = Release|x86
		{29D88BF6-EC2F-4F28-86C8-7270A84EA73C}.Ad-Hoc|iPhoneSimulator.Deploy.0 = Release|x86
		{29D88BF6-EC2F-4F28-86C8-7270A84EA73C}.Ad-Hoc|x64.ActiveCfg = Release|x64
		{29D88BF6-EC2F-4F28-86C8-7270A84EA73C}.Ad-Hoc|x64.Build.0 = Release|x64
		{29D88BF6-EC2F-4F28-86C8-7270A84EA73C}.Ad-Hoc|x64.Deploy.0 = Release|x64
		{29D88BF6-EC2F-4F28-86C8-7270A84EA73C}.Ad-Hoc|x86.ActiveCfg = Release|x86
		{29D88BF6-EC2F-4F28-86C8-7270A84EA73C}.Ad-Hoc|x86.Build.0 = Release|x86
		{29D88BF6-EC2F-4F28-86C8-7270A84EA73C}.Ad-Hoc|x86.Deploy.0 = Release|x86
		{29D88BF6-EC2F-4F28-86C8-7270A84EA73C}.AppStore|Any CPU.ActiveCfg = Release|x86
		{29D88BF6-EC2F-4F28-86C8-7270A84EA73C}.AppStore|Any CPU.Build.0 = Release|x86
		{29D88BF6-EC2F-4F28-86C8-7270A84EA73C}.AppStore|Any CPU.Deploy.0 = Release|x86
		{29D88BF6-EC2F-4F28-86C8-7270A84EA73C}.AppStore|ARM.ActiveCfg = Release|ARM
		{29D88BF6-EC2F-4F28-86C8-7270A84EA73C}.AppStore|ARM.Build.0 = Release|ARM
		{29D88BF6-EC2F-4F28-86C8-7270A84EA73C}.AppStore|ARM.Deploy.0 = Release|ARM
		{29D88BF6-EC2F-4F28-86C8-7270A84EA73C}.AppStore|iPhone.ActiveCfg = Release|x86
		{29D88BF6-EC2F-4F28-86C8-7270A84EA73C}.AppStore|iPhone.Build.0 = Release|x86
		{29D88BF6-EC2F-4F28-86C8-7270A84EA73C}.AppStore|iPhone.Deploy.0 = Release|x86
		{29D88BF6-EC2F-4F28-86C8-7270A84EA73C}.AppStore|iPhoneSimulator.ActiveCfg = Release|x86
		{29D88BF6-EC2F-4F28-86C8-7270A84EA73C}.AppStore|iPhoneSimulator.Build.0 = Release|x86
		{29D88BF6-EC2F-4F28-86C8-7270A84EA73C}.AppStore|iPhoneSimulator.Deploy.0 = Release|x86
		{29D88BF6-EC2F-4F28-86C8-7270A84EA73C}.AppStore|x64.ActiveCfg = Release|x64
		{29D88BF6-EC2F-4F28-86C8-7270A84EA73C}.AppStore|x64.Build.0 = Release|x64
		{29D88BF6-EC2F-4F28-86C8-7270A84EA73C}.AppStore|x64.Deploy.0 = Release|x64
		{29D88BF6-EC2F-4F28-86C8-7270A84EA73C}.AppStore|x86.ActiveCfg = Release|x86
		{29D88BF6-EC2F-4F28-86C8-7270A84EA73C}.AppStore|x86.Build.0 = Release|x86
		{29D88BF6-EC2F-4F28-86C8-7270A84EA73C}.AppStore|x86.Deploy.0 = Release|x86
		{29D88BF6-EC2F-4F28-86C8-7270A84EA73C}.Debug|Any CPU.ActiveCfg = Debug|x86
		{29D88BF6-EC2F-4F28-86C8-7270A84EA73C}.Debug|Any CPU.Build.0 = Debug|x86
		{29D88BF6-EC2F-4F28-86C8-7270A84EA73C}.Debug|Any CPU.Deploy.0 = Debug|x86
		{29D88BF6-EC2F-4F28-86C8-7270A84EA73C}.Debug|ARM.ActiveCfg = Debug|ARM
		{29D88BF6-EC2F-4F28-86C8-7270A84EA73C}.Debug|ARM.Build.0 = Debug|ARM
		{29D88BF6-EC2F-4F28-86C8-7270A84EA73C}.Debug|ARM.Deploy.0 = Debug|ARM
		{29D88BF6-EC2F-4F28-86C8-7270A84EA73C}.Debug|iPhone.ActiveCfg = Debug|x86
		{29D88BF6-EC2F-4F28-86C8-7270A84EA73C}.Debug|iPhone.Build.0 = Debug|x86
		{29D88BF6-EC2F-4F28-86C8-7270A84EA73C}.Debug|iPhone.Deploy.0 = Debug|x86
		{29D88BF6-EC2F-4F28-86C8-7270A84EA73C}.Debug|iPhoneSimulator.ActiveCfg = Debug|x86
		{29D88BF6-EC2F-4F28-86C8-7270A84EA73C}.Debug|iPhoneSimulator.Build.0 = Debug|x86
		{29D88BF6-EC2F-4F28-86C8-7270A84EA73C}.Debug|iPhoneSimulator.Deploy.0 = Debug|x86
		{29D88BF6-EC2F-4F28-86C8-7270A84EA73C}.Debug|x64.ActiveCfg = Debug|x64
		{29D88BF6-EC2F-4F28-86C8-7270A84EA73C}.Debug|x64.Build.0 = Debug|x64
		{29D88BF6-EC2F-4F28-86C8-7270A84EA73C}.Debug|x64.Deploy.0 = Debug|x64
		{29D88BF6-EC2F-4F28-86C8-7270A84EA73C}.Debug|x86.ActiveCfg = Debug|x86
		{29D88BF6-EC2F-4F28-86C8-7270A84EA73C}.Debug|x86.Build.0 = Debug|x86
		{29D88BF6-EC2F-4F28-86C8-7270A84EA73C}.Debug|x86.Deploy.0 = Debug|x86
		{29D88BF6-EC2F-4F28-86C8-7270A84EA73C}.Release|Any CPU.ActiveCfg = Release|x86
		{29D88BF6-EC2F-4F28-86C8-7270A84EA73C}.Release|Any CPU.Build.0 = Release|x86
		{29D88BF6-EC2F-4F28-86C8-7270A84EA73C}.Release|Any CPU.Deploy.0 = Release|x86
		{29D88BF6-EC2F-4F28-86C8-7270A84EA73C}.Release|ARM.ActiveCfg = Release|ARM
		{29D88BF6-EC2F-4F28-86C8-7270A84EA73C}.Release|ARM.Build.0 = Release|ARM
		{29D88BF6-EC2F-4F28-86C8-7270A84EA73C}.Release|ARM.Deploy.0 = Release|ARM
		{29D88BF6-EC2F-4F28-86C8-7270A84EA73C}.Release|iPhone.ActiveCfg = Release|x86
		{29D88BF6-EC2F-4F28-86C8-7270A84EA73C}.Release|iPhone.Build.0 = Release|x86
		{29D88BF6-EC2F-4F28-86C8-7270A84EA73C}.Release|iPhone.Deploy.0 = Release|x86
		{29D88BF6-EC2F-4F28-86C8-7270A84EA73C}.Release|iPhoneSimulator.ActiveCfg = Release|x86
		{29D88BF6-EC2F-4F28-86C8-7270A84EA73C}.Release|iPhoneSimulator.Build.0 = Release|x86
		{29D88BF6-EC2F-4F28-86C8-7270A84EA73C}.Release|iPhoneSimulator.Deploy.0 = Release|x86
		{29D88BF6-EC2F-4F28-86C8-7270A84EA73C}.Release|x64.ActiveCfg = Release|x64
		{29D88BF6-EC2F-4F28-86C8-7270A84EA73C}.Release|x64.Build.0 = Release|x64
		{29D88BF6-EC2F-4F28-86C8-7270A84EA73C}.Release|x64.Deploy.0 = Release|x64
		{29D88BF6-EC2F-4F28-86C8-7270A84EA73C}.Release|x86.ActiveCfg = Release|x86
		{29D88BF6-EC2F-4F28-86C8-7270A84EA73C}.Release|x86.Build.0 = Release|x86
		{29D88BF6-EC2F-4F28-86C8-7270A84EA73C}.Release|x86.Deploy.0 = Release|x86
		{32B53981-4C41-491F-96A8-57749F248333}.Ad-Hoc|Any CPU.ActiveCfg = Debug|Any CPU
		{32B53981-4C41-491F-96A8-57749F248333}.Ad-Hoc|Any CPU.Build.0 = Debug|Any CPU
		{32B53981-4C41-491F-96A8-57749F248333}.Ad-Hoc|Any CPU.Deploy.0 = Debug|Any CPU
		{32B53981-4C41-491F-96A8-57749F248333}.Ad-Hoc|ARM.ActiveCfg = Debug|Any CPU
		{32B53981-4C41-491F-96A8-57749F248333}.Ad-Hoc|ARM.Build.0 = Debug|Any CPU
		{32B53981-4C41-491F-96A8-57749F248333}.Ad-Hoc|ARM.Deploy.0 = Debug|Any CPU
		{32B53981-4C41-491F-96A8-57749F248333}.Ad-Hoc|iPhone.ActiveCfg = Debug|Any CPU
		{32B53981-4C41-491F-96A8-57749F248333}.Ad-Hoc|iPhone.Build.0 = Debug|Any CPU
		{32B53981-4C41-491F-96A8-57749F248333}.Ad-Hoc|iPhone.Deploy.0 = Debug|Any CPU
		{32B53981-4C41-491F-96A8-57749F248333}.Ad-Hoc|iPhoneSimulator.ActiveCfg = Debug|Any CPU
		{32B53981-4C41-491F-96A8-57749F248333}.Ad-Hoc|iPhoneSimulator.Build.0 = Debug|Any CPU
		{32B53981-4C41-491F-96A8-57749F248333}.Ad-Hoc|iPhoneSimulator.Deploy.0 = Debug|Any CPU
		{32B53981-4C41-491F-96A8-57749F248333}.Ad-Hoc|x64.ActiveCfg = Debug|Any CPU
		{32B53981-4C41-491F-96A8-57749F248333}.Ad-Hoc|x64.Build.0 = Debug|Any CPU
		{32B53981-4C41-491F-96A8-57749F248333}.Ad-Hoc|x64.Deploy.0 = Debug|Any CPU
		{32B53981-4C41-491F-96A8-57749F248333}.Ad-Hoc|x86.ActiveCfg = Debug|Any CPU
		{32B53981-4C41-491F-96A8-57749F248333}.Ad-Hoc|x86.Build.0 = Debug|Any CPU
		{32B53981-4C41-491F-96A8-57749F248333}.Ad-Hoc|x86.Deploy.0 = Debug|Any CPU
		{32B53981-4C41-491F-96A8-57749F248333}.AppStore|Any CPU.ActiveCfg = Debug|Any CPU
		{32B53981-4C41-491F-96A8-57749F248333}.AppStore|Any CPU.Build.0 = Debug|Any CPU
		{32B53981-4C41-491F-96A8-57749F248333}.AppStore|Any CPU.Deploy.0 = Debug|Any CPU
		{32B53981-4C41-491F-96A8-57749F248333}.AppStore|ARM.ActiveCfg = Debug|Any CPU
		{32B53981-4C41-491F-96A8-57749F248333}.AppStore|ARM.Build.0 = Debug|Any CPU
		{32B53981-4C41-491F-96A8-57749F248333}.AppStore|ARM.Deploy.0 = Debug|Any CPU
		{32B53981-4C41-491F-96A8-57749F248333}.AppStore|iPhone.ActiveCfg = Debug|Any CPU
		{32B53981-4C41-491F-96A8-57749F248333}.AppStore|iPhone.Build.0 = Debug|Any CPU
		{32B53981-4C41-491F-96A8-57749F248333}.AppStore|iPhone.Deploy.0 = Debug|Any CPU
		{32B53981-4C41-491F-96A8-57749F248333}.AppStore|iPhoneSimulator.ActiveCfg = Debug|Any CPU
		{32B53981-4C41-491F-96A8-57749F248333}.AppStore|iPhoneSimulator.Build.0 = Debug|Any CPU
		{32B53981-4C41-491F-96A8-57749F248333}.AppStore|iPhoneSimulator.Deploy.0 = Debug|Any CPU
		{32B53981-4C41-491F-96A8-57749F248333}.AppStore|x64.ActiveCfg = Debug|Any CPU
		{32B53981-4C41-491F-96A8-57749F248333}.AppStore|x64.Build.0 = Debug|Any CPU
		{32B53981-4C41-491F-96A8-57749F248333}.AppStore|x64.Deploy.0 = Debug|Any CPU
		{32B53981-4C41-491F-96A8-57749F248333}.AppStore|x86.ActiveCfg = Debug|Any CPU
		{32B53981-4C41-491F-96A8-57749F248333}.AppStore|x86.Build.0 = Debug|Any CPU
		{32B53981-4C41-491F-96A8-57749F248333}.AppStore|x86.Deploy.0 = Debug|Any CPU
		{32B53981-4C41-491F-96A8-57749F248333}.Debug|Any CPU.ActiveCfg = Debug|Any CPU
		{32B53981-4C41-491F-96A8-57749F248333}.Debug|Any CPU.Build.0 = Debug|Any CPU
		{32B53981-4C41-491F-96A8-57749F248333}.Debug|Any CPU.Deploy.0 = Debug|Any CPU
		{32B53981-4C41-491F-96A8-57749F248333}.Debug|ARM.ActiveCfg = Debug|Any CPU
		{32B53981-4C41-491F-96A8-57749F248333}.Debug|ARM.Build.0 = Debug|Any CPU
		{32B53981-4C41-491F-96A8-57749F248333}.Debug|ARM.Deploy.0 = Debug|Any CPU
		{32B53981-4C41-491F-96A8-57749F248333}.Debug|iPhone.ActiveCfg = Debug|Any CPU
		{32B53981-4C41-491F-96A8-57749F248333}.Debug|iPhone.Build.0 = Debug|Any CPU
		{32B53981-4C41-491F-96A8-57749F248333}.Debug|iPhone.Deploy.0 = Debug|Any CPU
		{32B53981-4C41-491F-96A8-57749F248333}.Debug|iPhoneSimulator.ActiveCfg = Debug|Any CPU
		{32B53981-4C41-491F-96A8-57749F248333}.Debug|iPhoneSimulator.Build.0 = Debug|Any CPU
		{32B53981-4C41-491F-96A8-57749F248333}.Debug|iPhoneSimulator.Deploy.0 = Debug|Any CPU
		{32B53981-4C41-491F-96A8-57749F248333}.Debug|x64.ActiveCfg = Debug|Any CPU
		{32B53981-4C41-491F-96A8-57749F248333}.Debug|x64.Build.0 = Debug|Any CPU
		{32B53981-4C41-491F-96A8-57749F248333}.Debug|x64.Deploy.0 = Debug|Any CPU
		{32B53981-4C41-491F-96A8-57749F248333}.Debug|x86.ActiveCfg = Debug|Any CPU
		{32B53981-4C41-491F-96A8-57749F248333}.Debug|x86.Build.0 = Debug|Any CPU
		{32B53981-4C41-491F-96A8-57749F248333}.Debug|x86.Deploy.0 = Debug|Any CPU
		{32B53981-4C41-491F-96A8-57749F248333}.Release|Any CPU.ActiveCfg = Release|Any CPU
		{32B53981-4C41-491F-96A8-57749F248333}.Release|Any CPU.Build.0 = Release|Any CPU
		{32B53981-4C41-491F-96A8-57749F248333}.Release|Any CPU.Deploy.0 = Release|Any CPU
		{32B53981-4C41-491F-96A8-57749F248333}.Release|ARM.ActiveCfg = Release|Any CPU
		{32B53981-4C41-491F-96A8-57749F248333}.Release|ARM.Build.0 = Release|Any CPU
		{32B53981-4C41-491F-96A8-57749F248333}.Release|ARM.Deploy.0 = Release|Any CPU
		{32B53981-4C41-491F-96A8-57749F248333}.Release|iPhone.ActiveCfg = Release|Any CPU
		{32B53981-4C41-491F-96A8-57749F248333}.Release|iPhone.Build.0 = Release|Any CPU
		{32B53981-4C41-491F-96A8-57749F248333}.Release|iPhone.Deploy.0 = Release|Any CPU
		{32B53981-4C41-491F-96A8-57749F248333}.Release|iPhoneSimulator.ActiveCfg = Release|Any CPU
		{32B53981-4C41-491F-96A8-57749F248333}.Release|iPhoneSimulator.Build.0 = Release|Any CPU
		{32B53981-4C41-491F-96A8-57749F248333}.Release|iPhoneSimulator.Deploy.0 = Release|Any CPU
		{32B53981-4C41-491F-96A8-57749F248333}.Release|x64.ActiveCfg = Release|Any CPU
		{32B53981-4C41-491F-96A8-57749F248333}.Release|x64.Build.0 = Release|Any CPU
		{32B53981-4C41-491F-96A8-57749F248333}.Release|x64.Deploy.0 = Release|Any CPU
		{32B53981-4C41-491F-96A8-57749F248333}.Release|x86.ActiveCfg = Release|Any CPU
		{32B53981-4C41-491F-96A8-57749F248333}.Release|x86.Build.0 = Release|Any CPU
		{32B53981-4C41-491F-96A8-57749F248333}.Release|x86.Deploy.0 = Release|Any CPU
	EndGlobalSection
	GlobalSection(SolutionProperties) = preSolution
		HideSolutionNode = FALSE
	EndGlobalSection
	GlobalSection(ExtensibilityGlobals) = postSolution
		SolutionGuid = {14E1E34F-6851-4B83-9AC1-A58B2EE55A46}
	EndGlobalSection
EndGlobal
